
Microsoft Visual Studio Solution File, Format Version 12.00
# Visual Studio 15
Project("{FAE04EC0-301F-11D3-BF4B-00C04F79EFBC}") = "Main", "Test1\Main.csproj", "{CE00770E-D77A-4856-AEAD-23A96B32156A}"
EndProject
Global
	GlobalSection(SolutionConfigurationPlatforms) = preSolution
		Debug|anycpu = Debug|anycpu
		Release|anycpu = Release|anycpu
	EndGlobalSection
	GlobalSection(ProjectConfigurationPlatforms) = postSolution
		{CE00770E-D77A-4856-AEAD-23A96B32156A}.Debug|anycpu.ActiveCfg = Debug|anycpu
		{CE00770E-D77A-4856-AEAD-23A96B32156A}.Debug|anycpu.Build.0 = Debug|anycpu
		{CE00770E-D77A-4856-AEAD-23A96B32156A}.Release|anycpu.ActiveCfg = Release|anycpu
		{CE00770E-D77A-4856-AEAD-23A96B32156A}.Release|anycpu.Build.0 = Release|anycpu
	EndGlobalSection
EndGlobal
