
Microsoft Visual Studio Solution File, Format Version 12.00
# Visual Studio 15
Project("{FAE04EC0-301F-11D3-BF4B-00C04F79EFBC}") = "LargestPalindromeProduct", "LargestPalindromeProduct\LargestPalindromeProduct.csproj", "{25BFAED9-6792-4EB5-8406-291889F69362}"
EndProject
Global
	GlobalSection(SolutionConfigurationPlatforms) = preSolution
		Debug|anycpu = Debug|anycpu
		Release|anycpu = Release|anycpu
	EndGlobalSection
	GlobalSection(ProjectConfigurationPlatforms) = postSolution
		{25BFAED9-6792-4EB5-8406-291889F69362}.Debug|anycpu.ActiveCfg = Debug|anycpu
		{25BFAED9-6792-4EB5-8406-291889F69362}.Debug|anycpu.Build.0 = Debug|anycpu
		{25BFAED9-6792-4EB5-8406-291889F69362}.Release|anycpu.ActiveCfg = Release|anycpu
		{25BFAED9-6792-4EB5-8406-291889F69362}.Release|anycpu.Build.0 = Release|anycpu
	EndGlobalSection
EndGlobal
